
Microsoft Visual Studio Solution File, Format Version 12.00
# Visual Studio Version 16
VisualStudioVersion = 16.0.35731.53
MinimumVisualStudioVersion = 10.0.40219.1
Project("{FAE04EC0-301F-11D3-BF4B-00C04F79EFBC}") = "Bike Sharing System", "Bike Sharing System\Bike Sharing System.csproj", "{351F2FFA-FA39-45FC-9B96-C5B1FE127F0A}"
EndProject
Global
	GlobalSection(SolutionConfigurationPlatforms) = preSolution
		Debug|Any CPU = Debug|Any CPU
		Release|Any CPU = Release|Any CPU
	EndGlobalSection
	GlobalSection(ProjectConfigurationPlatforms) = postSolution
		{351F2FFA-FA39-45FC-9B96-C5B1FE127F0A}.Debug|Any CPU.ActiveCfg = Debug|Any CPU
		{351F2FFA-FA39-45FC-9B96-C5B1FE127F0A}.Debug|Any CPU.Build.0 = Debug|Any CPU
		{351F2FFA-FA39-45FC-9B96-C5B1FE127F0A}.Release|Any CPU.ActiveCfg = Release|Any CPU
		{351F2FFA-FA39-45FC-9B96-C5B1FE127F0A}.Release|Any CPU.Build.0 = Release|Any CPU
	EndGlobalSection
	GlobalSection(SolutionProperties) = preSolution
		HideSolutionNode = FALSE
	EndGlobalSection
	GlobalSection(ExtensibilityGlobals) = postSolution
		SolutionGuid = {735454BB-33F7-4C7E-8078-B833947C31D5}
	EndGlobalSection
EndGlobal
